# This file is generated by running "yarn install" inside your project.
# Manual changes might be lost - proceed with caution!

__metadata:
  version: 8
  cacheKey: 10c0

"@google/genai@npm:^1.42.0":
  version: 1.42.0
  resolution: "@google/genai@npm:1.42.0"
  dependencies:
    google-auth-library: "npm:^10.3.0"
    p-retry: "npm:^4.6.2"
    protobufjs: "npm:^7.5.4"
    ws: "npm:^8.18.0"
  peerDependencies:
    "@modelcontextprotocol/sdk": ^1.25.2
  peerDependenciesMeta:
    "@modelcontextprotocol/sdk":
      optional: true
  checksum: 10c0/e745351b1709c00e4b9f92280ebd621d265a07542eab0d68eec852bc0ef0546b8991740816847f788fbad48cf8bf047935fa2146764ffd08002d96483a234a63
  languageName: node
  linkType: hard

"@isaacs/cliui@npm:^8.0.2":
  version: 8.0.2
  resolution: "@isaacs/cliui@npm:8.0.2"
  dependencies:
    string-width: "npm:^5.1.2"
    string-width-cjs: "npm:string-width@^4.2.0"
    strip-ansi: "npm:^7.0.1"
    strip-ansi-cjs: "npm:strip-ansi@^6.0.1"
    wrap-ansi: "npm:^8.1.0"
    wrap-ansi-cjs: "npm:wrap-ansi@^7.0.0"
  checksum: 10c0/b1bf42535d49f11dc137f18d5e4e63a28c5569de438a221c369483731e9dac9fb797af554e8bf02b6192d1e5eba6e6402cf93900c3d0ac86391d00d04876789e
  languageName: node
  linkType: hard

"@pkgjs/parseargs@npm:^0.11.0":
  version: 0.11.0
  resolution: "@pkgjs/parseargs@npm:0.11.0"
  checksum: 10c0/5bd7576bb1b38a47a7fc7b51ac9f38748e772beebc56200450c4a817d712232b8f1d3ef70532c80840243c657d491cf6a6be1e3a214cff907645819fdc34aadd
  languageName: node
  linkType: hard

"@protobufjs/aspromise@npm:^1.1.1, @protobufjs/aspromise@npm:^1.1.2":
  version: 1.1.2
  resolution: "@protobufjs/aspromise@npm:1.1.2"
  checksum: 10c0/a83343a468ff5b5ec6bff36fd788a64c839e48a07ff9f4f813564f58caf44d011cd6504ed2147bf34835bd7a7dd2107052af755961c6b098fd8902b4f6500d0f
  languageName: node
  linkType: hard

"@protobufjs/base64@npm:^1.1.2":
  version: 1.1.2
  resolution: "@protobufjs/base64@npm:1.1.2"
  checksum: 10c0/eec925e681081af190b8ee231f9bad3101e189abbc182ff279da6b531e7dbd2a56f1f306f37a80b1be9e00aa2d271690d08dcc5f326f71c9eed8546675c8caf6
  languageName: node
  linkType: hard

"@protobufjs/codegen@npm:^2.0.4":
  version: 2.0.4
  resolution: "@protobufjs/codegen@npm:2.0.4"
  checksum: 10c0/26ae337c5659e41f091606d16465bbcc1df1f37cc1ed462438b1f67be0c1e28dfb2ca9f294f39100c52161aef82edf758c95d6d75650a1ddf31f7ddee1440b43
  languageName: node
  linkType: hard

"@protobufjs/eventemitter@npm:^1.1.0":
  version: 1.1.0
  resolution: "@protobufjs/eventemitter@npm:1.1.0"
  checksum: 10c0/1eb0a75180e5206d1033e4138212a8c7089a3d418c6dfa5a6ce42e593a4ae2e5892c4ef7421f38092badba4040ea6a45f0928869989411001d8c1018ea9a6e70
  languageName: node
  linkType: hard

"@protobufjs/fetch@npm:^1.1.0":
  version: 1.1.0
  resolution: "@protobufjs/fetch@npm:1.1.0"
  dependencies:
    "@protobufjs/aspromise": "npm:^1.1.1"
    "@protobufjs/inquire": "npm:^1.1.0"
  checksum: 10c0/cda6a3dc2d50a182c5865b160f72077aac197046600091dbb005dd0a66db9cce3c5eaed6d470ac8ed49d7bcbeef6ee5f0bc288db5ff9a70cbd003e5909065233
  languageName: node
  linkType: hard

"@protobufjs/float@npm:^1.0.2":
  version: 1.0.2
  resolution: "@protobufjs/float@npm:1.0.2"
  checksum: 10c0/18f2bdede76ffcf0170708af15c9c9db6259b771e6b84c51b06df34a9c339dbbeec267d14ce0bddd20acc142b1d980d983d31434398df7f98eb0c94a0eb79069
  languageName: node
  linkType: hard

"@protobufjs/inquire@npm:^1.1.0":
  version: 1.1.0
  resolution: "@protobufjs/inquire@npm:1.1.0"
  checksum: 10c0/64372482efcba1fb4d166a2664a6395fa978b557803857c9c03500e0ac1013eb4b1aacc9ed851dd5fc22f81583670b4f4431bae186f3373fedcfde863ef5921a
  languageName: node
  linkType: hard

"@protobufjs/path@npm:^1.1.2":
  version: 1.1.2
  resolution: "@protobufjs/path@npm:1.1.2"
  checksum: 10c0/cece0a938e7f5dfd2fa03f8c14f2f1cf8b0d6e13ac7326ff4c96ea311effd5fb7ae0bba754fbf505312af2e38500250c90e68506b97c02360a43793d88a0d8b4
  languageName: node
  linkType: hard

"@protobufjs/pool@npm:^1.1.0":
  version: 1.1.0
  resolution: "@protobufjs/pool@npm:1.1.0"
  checksum: 10c0/eda2718b7f222ac6e6ad36f758a92ef90d26526026a19f4f17f668f45e0306a5bd734def3f48f51f8134ae0978b6262a5c517c08b115a551756d1a3aadfcf038
  languageName: node
  linkType: hard

"@protobufjs/utf8@npm:^1.1.0":
  version: 1.1.0
  resolution: "@protobufjs/utf8@npm:1.1.0"
  checksum: 10c0/a3fe31fe3fa29aa3349e2e04ee13dc170cc6af7c23d92ad49e3eeaf79b9766264544d3da824dba93b7855bd6a2982fb40032ef40693da98a136d835752beb487
  languageName: node
  linkType: hard

"@types/node@npm:>=13.7.0":
  version: 25.3.0
  resolution: "@types/node@npm:25.3.0"
  dependencies:
    undici-types: "npm:~7.18.0"
  checksum: 10c0/7b2b18c9d68047157367fc2f786d4f166d22dc0ad9f82331ca02fb16f2f391854123dbe604dcb938cda119c87051e4bb71dcb9ece44a579f483a6f96d4bd41de
  languageName: node
  linkType: hard

"@types/retry@npm:0.12.0":
  version: 0.12.0
  resolution: "@types/retry@npm:0.12.0"
  checksum: 10c0/7c5c9086369826f569b83a4683661557cab1361bac0897a1cefa1a915ff739acd10ca0d62b01071046fe3f5a3f7f2aec80785fe283b75602dc6726781ea3e328
  languageName: node
  linkType: hard

"agent-base@npm:^7.1.2":
  version: 7.1.4
  resolution: "agent-base@npm:7.1.4"
  checksum: 10c0/c2c9ab7599692d594b6a161559ada307b7a624fa4c7b03e3afdb5a5e31cd0e53269115b620fcab024c5ac6a6f37fa5eb2e004f076ad30f5f7e6b8b671f7b35fe
  languageName: node
  linkType: hard

"ansi-regex@npm:^5.0.1":
  version: 5.0.1
  resolution: "ansi-regex@npm:5.0.1"
  checksum: 10c0/9a64bb8627b434ba9327b60c027742e5d17ac69277960d041898596271d992d4d52ba7267a63ca10232e29f6107fc8a835f6ce8d719b88c5f8493f8254813737
  languageName: node
  linkType: hard

"ansi-regex@npm:^6.0.1":
  version: 6.2.2
  resolution: "ansi-regex@npm:6.2.2"
  checksum: 10c0/05d4acb1d2f59ab2cf4b794339c7b168890d44dda4bf0ce01152a8da0213aca207802f930442ce8cd22d7a92f44907664aac6508904e75e038fa944d2601b30f
  languageName: node
  linkType: hard

"ansi-styles@npm:^4.0.0":
  version: 4.3.0
  resolution: "ansi-styles@npm:4.3.0"
  dependencies:
    color-convert: "npm:^2.0.1"
  checksum: 10c0/895a23929da416f2bd3de7e9cb4eabd340949328ab85ddd6e484a637d8f6820d485f53933446f5291c3b760cbc488beb8e88573dd0f9c7daf83dccc8fe81b041
  languageName: node
  linkType: hard

"ansi-styles@npm:^6.1.0":
  version: 6.2.3
  resolution: "ansi-styles@npm:6.2.3"
  checksum: 10c0/23b8a4ce14e18fb854693b95351e286b771d23d8844057ed2e7d083cd3e708376c3323707ec6a24365f7d7eda3ca00327fe04092e29e551499ec4c8b7bfac868
  languageName: node
  linkType: hard

"balanced-match@npm:^4.0.2":
  version: 4.0.4
  resolution: "balanced-match@npm:4.0.4"
  checksum: 10c0/07e86102a3eb2ee2a6a1a89164f29d0dbaebd28f2ca3f5ca786f36b8b23d9e417eb3be45a4acf754f837be5ac0a2317de90d3fcb7f4f4dc95720a1f36b26a17b
  languageName: node
  linkType: hard

"base64-js@npm:^1.3.0":
  version: 1.5.1
  resolution: "base64-js@npm:1.5.1"
  checksum: 10c0/f23823513b63173a001030fae4f2dabe283b99a9d324ade3ad3d148e218134676f1ee8568c877cd79ec1c53158dcf2d2ba527a97c606618928ba99dd930102bf
  languageName: node
  linkType: hard

"bignumber.js@npm:^9.0.0":
  version: 9.3.1
  resolution: "bignumber.js@npm:9.3.1"
  checksum: 10c0/61342ba5fe1c10887f0ecf5be02ff6709271481aff48631f86b4d37d55a99b87ce441cfd54df3d16d10ee07ceab7e272fc0be430c657ffafbbbf7b7d631efb75
  languageName: node
  linkType: hard

"brace-expansion@npm:^5.0.2":
  version: 5.0.3
  resolution: "brace-expansion@npm:5.0.3"
  dependencies:
    balanced-match: "npm:^4.0.2"
  checksum: 10c0/e474d300e581ec56851b3863ff1cf18573170c6d06deb199ccbd03b2119c36975f6ce2abc7b770f5bebddc1ab022661a9fea9b4d56f33315d7bef54d8793869e
  languageName: node
  linkType: hard

"buffer-equal-constant-time@npm:^1.0.1":
  version: 1.0.1
  resolution: "buffer-equal-constant-time@npm:1.0.1"
  checksum: 10c0/fb2294e64d23c573d0dd1f1e7a466c3e978fe94a4e0f8183937912ca374619773bef8e2aceb854129d2efecbbc515bbd0cc78d2734a3e3031edb0888531bbc8e
  languageName: node
  linkType: hard

"color-convert@npm:^2.0.1":
  version: 2.0.1
  resolution: "color-convert@npm:2.0.1"
  dependencies:
    color-name: "npm:~1.1.4"
  checksum: 10c0/37e1150172f2e311fe1b2df62c6293a342ee7380da7b9cfdba67ea539909afbd74da27033208d01d6d5cfc65ee7868a22e18d7e7648e004425441c0f8a15a7d7
  languageName: node
  linkType: hard

"color-name@npm:~1.1.4":
  version: 1.1.4
  resolution: "color-name@npm:1.1.4"
  checksum: 10c0/a1a3f914156960902f46f7f56bc62effc6c94e84b2cae157a526b1c1f74b677a47ec602bf68a61abfa2b42d15b7c5651c6dbe72a43af720bc588dff885b10f95
  languageName: node
  linkType: hard

"cross-spawn@npm:^7.0.6":
  version: 7.0.6
  resolution: "cross-spawn@npm:7.0.6"
  dependencies:
    path-key: "npm:^3.1.0"
    shebang-command: "npm:^2.0.0"
    which: "npm:^2.0.1"
  checksum: 10c0/053ea8b2135caff68a9e81470e845613e374e7309a47731e81639de3eaeb90c3d01af0e0b44d2ab9d50b43467223b88567dfeb3262db942dc063b9976718ffc1
  languageName: node
  linkType: hard

"data-uri-to-buffer@npm:^4.0.0":
  version: 4.0.1
  resolution: "data-uri-to-buffer@npm:4.0.1"
  checksum: 10c0/20a6b93107597530d71d4cb285acee17f66bcdfc03fd81040921a81252f19db27588d87fc8fc69e1950c55cfb0bf8ae40d0e5e21d907230813eb5d5a7f9eb45b
  languageName: node
  linkType: hard

"debug@npm:4":
  version: 4.4.3
  resolution: "debug@npm:4.4.3"
  dependencies:
    ms: "npm:^2.1.3"
  peerDependenciesMeta:
    supports-color:
      optional: true
  checksum: 10c0/d79136ec6c83ecbefd0f6a5593da6a9c91ec4d7ddc4b54c883d6e71ec9accb5f67a1a5e96d00a328196b5b5c86d365e98d8a3a70856aaf16b4e7b1985e67f5a6
  languageName: node
  linkType: hard

"eastasianwidth@npm:^0.2.0":
  version: 0.2.0
  resolution: "eastasianwidth@npm:0.2.0"
  checksum: 10c0/26f364ebcdb6395f95124fda411f63137a4bfb5d3a06453f7f23dfe52502905bd84e0488172e0f9ec295fdc45f05c23d5d91baf16bd26f0fe9acd777a188dc39
  languageName: node
  linkType: hard

"ecdsa-sig-formatter@npm:1.0.11, ecdsa-sig-formatter@npm:^1.0.11":
  version: 1.0.11
  resolution: "ecdsa-sig-formatter@npm:1.0.11"
  dependencies:
    safe-buffer: "npm:^5.0.1"
  checksum: 10c0/ebfbf19d4b8be938f4dd4a83b8788385da353d63307ede301a9252f9f7f88672e76f2191618fd8edfc2f24679236064176fab0b78131b161ee73daa37125408c
  languageName: node
  linkType: hard

"emoji-regex@npm:^8.0.0":
  version: 8.0.0
  resolution: "emoji-regex@npm:8.0.0"
  checksum: 10c0/b6053ad39951c4cf338f9092d7bfba448cdfd46fe6a2a034700b149ac9ffbc137e361cbd3c442297f86bed2e5f7576c1b54cc0a6bf8ef5106cc62f496af35010
  languageName: node
  linkType: hard

"emoji-regex@npm:^9.2.2":
  version: 9.2.2
  resolution: "emoji-regex@npm:9.2.2"
  checksum: 10c0/af014e759a72064cf66e6e694a7fc6b0ed3d8db680427b021a89727689671cefe9d04151b2cad51dbaf85d5ba790d061cd167f1cf32eb7b281f6368b3c181639
  languageName: node
  linkType: hard

"extend@npm:^3.0.2":
  version: 3.0.2
  resolution: "extend@npm:3.0.2"
  checksum: 10c0/73bf6e27406e80aa3e85b0d1c4fd987261e628064e170ca781125c0b635a3dabad5e05adbf07595ea0cf1e6c5396cacb214af933da7cbaf24fe75ff14818e8f9
  languageName: node
  linkType: hard

"fetch-blob@npm:^3.1.2, fetch-blob@npm:^3.1.4":
  version: 3.2.0
  resolution: "fetch-blob@npm:3.2.0"
  dependencies:
    node-domexception: "npm:^1.0.0"
    web-streams-polyfill: "npm:^3.0.3"
  checksum: 10c0/60054bf47bfa10fb0ba6cb7742acec2f37c1f56344f79a70bb8b1c48d77675927c720ff3191fa546410a0442c998d27ab05e9144c32d530d8a52fbe68f843b69
  languageName: node
  linkType: hard

"foreground-child@npm:^3.1.0":
  version: 3.3.1
  resolution: "foreground-child@npm:3.3.1"
  dependencies:
    cross-spawn: "npm:^7.0.6"
    signal-exit: "npm:^4.0.1"
  checksum: 10c0/8986e4af2430896e65bc2788d6679067294d6aee9545daefc84923a0a4b399ad9c7a3ea7bd8c0b2b80fdf4a92de4c69df3f628233ff3224260e9c1541a9e9ed3
  languageName: node
  linkType: hard

"formdata-polyfill@npm:^4.0.10":
  version: 4.0.10
  resolution: "formdata-polyfill@npm:4.0.10"
  dependencies:
    fetch-blob: "npm:^3.1.2"
  checksum: 10c0/5392ec484f9ce0d5e0d52fb5a78e7486637d516179b0eb84d81389d7eccf9ca2f663079da56f761355c0a65792810e3b345dc24db9a8bbbcf24ef3c8c88570c6
  languageName: node
  linkType: hard

"gaxios@npm:^7.0.0":
  version: 7.1.3
  resolution: "gaxios@npm:7.1.3"
  dependencies:
    extend: "npm:^3.0.2"
    https-proxy-agent: "npm:^7.0.1"
    node-fetch: "npm:^3.3.2"
    rimraf: "npm:^5.0.1"
  checksum: 10c0/a4a1cdf9a392c0c22e9734a40dca5a77a2903f505b939a50f1e68e312458b1289b7993d2f72d011426e89657cae77a3aa9fc62fb140e8ba90a1faa31fdbde4d2
  languageName: node
  linkType: hard

"gcp-metadata@npm:^8.0.0":
  version: 8.1.2
  resolution: "gcp-metadata@npm:8.1.2"
  dependencies:
    gaxios: "npm:^7.0.0"
    google-logging-utils: "npm:^1.0.0"
    json-bigint: "npm:^1.0.0"
  checksum: 10c0/15a61231a9410dc11c2828d2c9fdc8b0a939f1af746195c44edc6f2ffea0acab52cef3a7b9828069a36fd5d68bda730f7328a415fe42a01258f6e249dfba6908
  languageName: node
  linkType: hard

"genai.mbt@workspace:.":
  version: 0.0.0-use.local
  resolution: "genai.mbt@workspace:."
  dependencies:
    "@google/genai": "npm:^1.42.0"
  languageName: unknown
  linkType: soft

"glob@npm:^10.3.7":
  version: 10.5.0
  resolution: "glob@npm:10.5.0"
  dependencies:
    foreground-child: "npm:^3.1.0"
    jackspeak: "npm:^3.1.2"
    minimatch: "npm:^9.0.4"
    minipass: "npm:^7.1.2"
    package-json-from-dist: "npm:^1.0.0"
    path-scurry: "npm:^1.11.1"
  bin:
    glob: dist/esm/bin.mjs
  checksum: 10c0/100705eddbde6323e7b35e1d1ac28bcb58322095bd8e63a7d0bef1a2cdafe0d0f7922a981b2b48369a4f8c1b077be5c171804534c3509dfe950dde15fbe6d828
  languageName: node
  linkType: hard

"google-auth-library@npm:^10.3.0":
  version: 10.5.0
  resolution: "google-auth-library@npm:10.5.0"
  dependencies:
    base64-js: "npm:^1.3.0"
    ecdsa-sig-formatter: "npm:^1.0.11"
    gaxios: "npm:^7.0.0"
    gcp-metadata: "npm:^8.0.0"
    google-logging-utils: "npm:^1.0.0"
    gtoken: "npm:^8.0.0"
    jws: "npm:^4.0.0"
  checksum: 10c0/49d3931d20b1f4a4d075216bf5518e2b3396dcf441a8f1952611cf3b6080afb1261c3d32009609047ee4a1cc545269a74b4957e6bba9cce840581df309c4b145
  languageName: node
  linkType: hard

"google-logging-utils@npm:^1.0.0":
  version: 1.1.3
  resolution: "google-logging-utils@npm:1.1.3"
  checksum: 10c0/e65201c7e96543bd1423b9324013736646b9eed60941e0bfa47b9bfd146d2f09cf3df1c99ca60b7d80a726075263ead049ee72de53372cb8458c3bc55c2c1e59
  languageName: node
  linkType: hard

"gtoken@npm:^8.0.0":
  version: 8.0.0
  resolution: "gtoken@npm:8.0.0"
  dependencies:
    gaxios: "npm:^7.0.0"
    jws: "npm:^4.0.0"
  checksum: 10c0/058538e5bbe081d30ada5f1fd34d3a8194357c2e6ecbf7c8a98daeefbf13f7e06c15649c7dace6a1d4cc3bc6dc5483bd484d6d7adc5852021896d7c05c439f37
  languageName: node
  linkType: hard

"https-proxy-agent@npm:^7.0.1":
  version: 7.0.6
  resolution: "https-proxy-agent@npm:7.0.6"
  dependencies:
    agent-base: "npm:^7.1.2"
    debug: "npm:4"
  checksum: 10c0/f729219bc735edb621fa30e6e84e60ee5d00802b8247aac0d7b79b0bd6d4b3294737a337b93b86a0bd9e68099d031858a39260c976dc14cdbba238ba1f8779ac
  languageName: node
  linkType: hard

"is-fullwidth-code-point@npm:^3.0.0":
  version: 3.0.0
  resolution: "is-fullwidth-code-point@npm:3.0.0"
  checksum: 10c0/bb11d825e049f38e04c06373a8d72782eee0205bda9d908cc550ccb3c59b99d750ff9537982e01733c1c94a58e35400661f57042158ff5e8f3e90cf936daf0fc
  languageName: node
  linkType: hard

"isexe@npm:^2.0.0":
  version: 2.0.0
  resolution: "isexe@npm:2.0.0"
  checksum: 10c0/228cfa503fadc2c31596ab06ed6aa82c9976eec2bfd83397e7eaf06d0ccf42cd1dfd6743bf9aeb01aebd4156d009994c5f76ea898d2832c1fe342da923ca457d
  languageName: node
  linkType: hard

"jackspeak@npm:^3.1.2":
  version: 3.4.3
  resolution: "jackspeak@npm:3.4.3"
  dependencies:
    "@isaacs/cliui": "npm:^8.0.2"
    "@pkgjs/parseargs": "npm:^0.11.0"
  dependenciesMeta:
    "@pkgjs/parseargs":
      optional: true
  checksum: 10c0/6acc10d139eaefdbe04d2f679e6191b3abf073f111edf10b1de5302c97ec93fffeb2fdd8681ed17f16268aa9dd4f8c588ed9d1d3bffbbfa6e8bf897cbb3149b9
  languageName: node
  linkType: hard

"json-bigint@npm:^1.0.0":
  version: 1.0.0
  resolution: "json-bigint@npm:1.0.0"
  dependencies:
    bignumber.js: "npm:^9.0.0"
  checksum: 10c0/e3f34e43be3284b573ea150a3890c92f06d54d8ded72894556357946aeed9877fd795f62f37fe16509af189fd314ab1104d0fd0f163746ad231b9f378f5b33f4
  languageName: node
  linkType: hard

"jwa@npm:^2.0.1":
  version: 2.0.1
  resolution: "jwa@npm:2.0.1"
  dependencies:
    buffer-equal-constant-time: "npm:^1.0.1"
    ecdsa-sig-formatter: "npm:1.0.11"
    safe-buffer: "npm:^5.0.1"
  checksum: 10c0/ab3ebc6598e10dc11419d4ed675c9ca714a387481466b10e8a6f3f65d8d9c9237e2826f2505280a739cf4cbcf511cb288eeec22b5c9c63286fc5a2e4f97e78cf
  languageName: node
  linkType: hard

"jws@npm:^4.0.0":
  version: 4.0.1
  resolution: "jws@npm:4.0.1"
  dependencies:
    jwa: "npm:^2.0.1"
    safe-buffer: "npm:^5.0.1"
  checksum: 10c0/6be1ed93023aef570ccc5ea8d162b065840f3ef12f0d1bb3114cade844de7a357d5dc558201d9a65101e70885a6fa56b17462f520e6b0d426195510618a154d0
  languageName: node
  linkType: hard

"long@npm:^5.0.0":
  version: 5.3.2
  resolution: "long@npm:5.3.2"
  checksum: 10c0/7130fe1cbce2dca06734b35b70d380ca3f70271c7f8852c922a7c62c86c4e35f0c39290565eca7133c625908d40e126ac57c02b1b1a4636b9457d77e1e60b981
  languageName: node
  linkType: hard

"lru-cache@npm:^10.2.0":
  version: 10.4.3
  resolution: "lru-cache@npm:10.4.3"
  checksum: 10c0/ebd04fbca961e6c1d6c0af3799adcc966a1babe798f685bb84e6599266599cd95d94630b10262f5424539bc4640107e8a33aa28585374abf561d30d16f4b39fb
  languageName: node
  linkType: hard

"minimatch@npm:^9.0.4":
  version: 9.0.6
  resolution: "minimatch@npm:9.0.6"
  dependencies:
    brace-expansion: "npm:^5.0.2"
  checksum: 10c0/b81984f96b64b9b3c6cc7d949950290c456639bf5d89c568041b0505080cfe34102bd1d8586a4dc65878ca02e68ac425e0d8fcb7af10156694c4b8889a0c6c75
  languageName: node
  linkType: hard

"minipass@npm:^5.0.0 || ^6.0.2 || ^7.0.0, minipass@npm:^7.1.2":
  version: 7.1.3
  resolution: "minipass@npm:7.1.3"
  checksum: 10c0/539da88daca16533211ea5a9ee98dc62ff5742f531f54640dd34429e621955e91cc280a91a776026264b7f9f6735947629f920944e9c1558369e8bf22eb33fbb
  languageName: node
  linkType: hard

"ms@npm:^2.1.3":
  version: 2.1.3
  resolution: "ms@npm:2.1.3"
  checksum: 10c0/d924b57e7312b3b63ad21fc5b3dc0af5e78d61a1fc7cfb5457edaf26326bf62be5307cc87ffb6862ef1c2b33b0233cdb5d4f01c4c958cc0d660948b65a287a48
  languageName: node
  linkType: hard

"node-domexception@npm:^1.0.0":
  version: 1.0.0
  resolution: "node-domexception@npm:1.0.0"
  checksum: 10c0/5e5d63cda29856402df9472335af4bb13875e1927ad3be861dc5ebde38917aecbf9ae337923777af52a48c426b70148815e890a5d72760f1b4d758cc671b1a2b
  languageName: node
  linkType: hard

"node-fetch@npm:^3.3.2":
  version: 3.3.2
  resolution: "node-fetch@npm:3.3.2"
  dependencies:
    data-uri-to-buffer: "npm:^4.0.0"
    fetch-blob: "npm:^3.1.4"
    formdata-polyfill: "npm:^4.0.10"
  checksum: 10c0/f3d5e56190562221398c9f5750198b34cf6113aa304e34ee97c94fd300ec578b25b2c2906edba922050fce983338fde0d5d34fcb0fc3336ade5bd0e429ad7538
  languageName: node
  linkType: hard

"p-retry@npm:^4.6.2":
  version: 4.6.2
  resolution: "p-retry@npm:4.6.2"
  dependencies:
    "@types/retry": "npm:0.12.0"
    retry: "npm:^0.13.1"
  checksum: 10c0/d58512f120f1590cfedb4c2e0c42cb3fa66f3cea8a4646632fcb834c56055bb7a6f138aa57b20cc236fb207c9d694e362e0b5c2b14d9b062f67e8925580c73b0
  languageName: node
  linkType: hard

"package-json-from-dist@npm:^1.0.0":
  version: 1.0.1
  resolution: "package-json-from-dist@npm:1.0.1"
  checksum: 10c0/62ba2785eb655fec084a257af34dbe24292ab74516d6aecef97ef72d4897310bc6898f6c85b5cd22770eaa1ce60d55a0230e150fb6a966e3ecd6c511e23d164b
  languageName: node
  linkType: hard

"path-key@npm:^3.1.0":
  version: 3.1.1
  resolution: "path-key@npm:3.1.1"
  checksum: 10c0/748c43efd5a569c039d7a00a03b58eecd1d75f3999f5a28303d75f521288df4823bc057d8784eb72358b2895a05f29a070bc9f1f17d28226cc4e62494cc58c4c
  languageName: node
  linkType: hard

"path-scurry@npm:^1.11.1":
  version: 1.11.1
  resolution: "path-scurry@npm:1.11.1"
  dependencies:
    lru-cache: "npm:^10.2.0"
    minipass: "npm:^5.0.0 || ^6.0.2 || ^7.0.0"
  checksum: 10c0/32a13711a2a505616ae1cc1b5076801e453e7aae6ac40ab55b388bb91b9d0547a52f5aaceff710ea400205f18691120d4431e520afbe4266b836fadede15872d
  languageName: node
  linkType: hard

"protobufjs@npm:^7.5.4":
  version: 7.5.4
  resolution: "protobufjs@npm:7.5.4"
  dependencies:
    "@protobufjs/aspromise": "npm:^1.1.2"
    "@protobufjs/base64": "npm:^1.1.2"
    "@protobufjs/codegen": "npm:^2.0.4"
    "@protobufjs/eventemitter": "npm:^1.1.0"
    "@protobufjs/fetch": "npm:^1.1.0"
    "@protobufjs/float": "npm:^1.0.2"
    "@protobufjs/inquire": "npm:^1.1.0"
    "@protobufjs/path": "npm:^1.1.2"
    "@protobufjs/pool": "npm:^1.1.0"
    "@protobufjs/utf8": "npm:^1.1.0"
    "@types/node": "npm:>=13.7.0"
    long: "npm:^5.0.0"
  checksum: 10c0/913b676109ffb3c05d3d31e03a684e569be91f3bba8613da4a683d69d9dba948daa2afd7d2e7944d1aa6c417890c35d9d9a8883c1160affafb0f9670d59ef722
  languageName: node
  linkType: hard

"retry@npm:^0.13.1":
  version: 0.13.1
  resolution: "retry@npm:0.13.1"
  checksum: 10c0/9ae822ee19db2163497e074ea919780b1efa00431d197c7afdb950e42bf109196774b92a49fc9821f0b8b328a98eea6017410bfc5e8a0fc19c85c6d11adb3772
  languageName: node
  linkType: hard

"rimraf@npm:^5.0.1":
  version: 5.0.10
  resolution: "rimraf@npm:5.0.10"
  dependencies:
    glob: "npm:^10.3.7"
  bin:
    rimraf: dist/esm/bin.mjs
  checksum: 10c0/7da4fd0e15118ee05b918359462cfa1e7fe4b1228c7765195a45b55576e8c15b95db513b8466ec89129666f4af45ad978a3057a02139afba1a63512a2d9644cc
  languageName: node
  linkType: hard

"safe-buffer@npm:^5.0.1":
  version: 5.2.1
  resolution: "safe-buffer@npm:5.2.1"
  checksum: 10c0/6501914237c0a86e9675d4e51d89ca3c21ffd6a31642efeba25ad65720bce6921c9e7e974e5be91a786b25aa058b5303285d3c15dbabf983a919f5f630d349f3
  languageName: node
  linkType: hard

"shebang-command@npm:^2.0.0":
  version: 2.0.0
  resolution: "shebang-command@npm:2.0.0"
  dependencies:
    shebang-regex: "npm:^3.0.0"
  checksum: 10c0/a41692e7d89a553ef21d324a5cceb5f686d1f3c040759c50aab69688634688c5c327f26f3ecf7001ebfd78c01f3c7c0a11a7c8bfd0a8bc9f6240d4f40b224e4e
  languageName: node
  linkType: hard

"shebang-regex@npm:^3.0.0":
  version: 3.0.0
  resolution: "shebang-regex@npm:3.0.0"
  checksum: 10c0/1dbed0726dd0e1152a92696c76c7f06084eb32a90f0528d11acd764043aacf76994b2fb30aa1291a21bd019d6699164d048286309a278855ee7bec06cf6fb690
  languageName: node
  linkType: hard

"signal-exit@npm:^4.0.1":
  version: 4.1.0
  resolution: "signal-exit@npm:4.1.0"
  checksum: 10c0/41602dce540e46d599edba9d9860193398d135f7ff72cab629db5171516cfae628d21e7bfccde1bbfdf11c48726bc2a6d1a8fb8701125852fbfda7cf19c6aa83
  languageName: node
  linkType: hard

"string-width-cjs@npm:string-width@^4.2.0, string-width@npm:^4.1.0":
  version: 4.2.3
  resolution: "string-width@npm:4.2.3"
  dependencies:
    emoji-regex: "npm:^8.0.0"
    is-fullwidth-code-point: "npm:^3.0.0"
    strip-ansi: "npm:^6.0.1"
  checksum: 10c0/1e525e92e5eae0afd7454086eed9c818ee84374bb80328fc41217ae72ff5f065ef1c9d7f72da41de40c75fa8bb3dee63d92373fd492c84260a552c636392a47b
  languageName: node
  linkType: hard

"string-width@npm:^5.0.1, string-width@npm:^5.1.2":
  version: 5.1.2
  resolution: "string-width@npm:5.1.2"
  dependencies:
    eastasianwidth: "npm:^0.2.0"
    emoji-regex: "npm:^9.2.2"
    strip-ansi: "npm:^7.0.1"
  checksum: 10c0/ab9c4264443d35b8b923cbdd513a089a60de339216d3b0ed3be3ba57d6880e1a192b70ae17225f764d7adbf5994e9bb8df253a944736c15a0240eff553c678ca
  languageName: node
  linkType: hard

"strip-ansi-cjs@npm:strip-ansi@^6.0.1, strip-ansi@npm:^6.0.0, strip-ansi@npm:^6.0.1":
  version: 6.0.1
  resolution: "strip-ansi@npm:6.0.1"
  dependencies:
    ansi-regex: "npm:^5.0.1"
  checksum: 10c0/1ae5f212a126fe5b167707f716942490e3933085a5ff6c008ab97ab2f272c8025d3aa218b7bd6ab25729ca20cc81cddb252102f8751e13482a5199e873680952
  languageName: node
  linkType: hard

"strip-ansi@npm:^7.0.1":
  version: 7.1.2
  resolution: "strip-ansi@npm:7.1.2"
  dependencies:
    ansi-regex: "npm:^6.0.1"
  checksum: 10c0/0d6d7a023de33368fd042aab0bf48f4f4077abdfd60e5393e73c7c411e85e1b3a83507c11af2e656188511475776215df9ca589b4da2295c9455cc399ce1858b
  languageName: node
  linkType: hard

"undici-types@npm:~7.18.0":
  version: 7.18.2
  resolution: "undici-types@npm:7.18.2"
  checksum: 10c0/85a79189113a238959d7a647368e4f7c5559c3a404ebdb8fc4488145ce9426fcd82252a844a302798dfc0e37e6fb178ff481ed03bc4caf634c5757d9ef43521d
  languageName: node
  linkType: hard

"web-streams-polyfill@npm:^3.0.3":
  version: 3.3.3
  resolution: "web-streams-polyfill@npm:3.3.3"
  checksum: 10c0/64e855c47f6c8330b5436147db1c75cb7e7474d924166800e8e2aab5eb6c76aac4981a84261dd2982b3e754490900b99791c80ae1407a9fa0dcff74f82ea3a7f
  languageName: node
  linkType: hard

"which@npm:^2.0.1":
  version: 2.0.2
  resolution: "which@npm:2.0.2"
  dependencies:
    isexe: "npm:^2.0.0"
  bin:
    node-which: ./bin/node-which
  checksum: 10c0/66522872a768b60c2a65a57e8ad184e5372f5b6a9ca6d5f033d4b0dc98aff63995655a7503b9c0a2598936f532120e81dd8cc155e2e92ed662a2b9377cc4374f
  languageName: node
  linkType: hard

"wrap-ansi-cjs@npm:wrap-ansi@^7.0.0":
  version: 7.0.0
  resolution: "wrap-ansi@npm:7.0.0"
  dependencies:
    ansi-styles: "npm:^4.0.0"
    string-width: "npm:^4.1.0"
    strip-ansi: "npm:^6.0.0"
  checksum: 10c0/d15fc12c11e4cbc4044a552129ebc75ee3f57aa9c1958373a4db0292d72282f54373b536103987a4a7594db1ef6a4f10acf92978f79b98c49306a4b58c77d4da
  languageName: node
  linkType: hard

"wrap-ansi@npm:^8.1.0":
  version: 8.1.0
  resolution: "wrap-ansi@npm:8.1.0"
  dependencies:
    ansi-styles: "npm:^6.1.0"
    string-width: "npm:^5.0.1"
    strip-ansi: "npm:^7.0.1"
  checksum: 10c0/138ff58a41d2f877eae87e3282c0630fc2789012fc1af4d6bd626eeb9a2f9a65ca92005e6e69a75c7b85a68479fe7443c7dbe1eb8fbaa681a4491364b7c55c60
  languageName: node
  linkType: hard

"ws@npm:^8.18.0":
  version: 8.19.0
  resolution: "ws@npm:8.19.0"
  peerDependencies:
    bufferutil: ^4.0.1
    utf-8-validate: ">=5.0.2"
  peerDependenciesMeta:
    bufferutil:
      optional: true
    utf-8-validate:
      optional: true
  checksum: 10c0/4741d9b9bc3f9c791880882414f96e36b8b254e34d4b503279d6400d9a4b87a033834856dbdd94ee4b637944df17ea8afc4bce0ff4a1560d2166be8855da5b04
  languageName: node
  linkType: hard
